// !$*UTF8*$!
{
	archiveVersion = 1;
	classes = {
	};
	objectVersion = 48;
	objects = {

/* Begin PBXBuildFile section */
		4E05D2DC204595DF00B04497 /* AppDelegate.swift in Sources */ = {isa = PBXBuildFile; fileRef = 4E05D2DB204595DF00B04497 /* AppDelegate.swift */; };
		4E05D2E1204595DF00B04497 /* Main.storyboard in Resources */ = {isa = PBXBuildFile; fileRef = 4E05D2DF204595DF00B04497 /* Main.storyboard */; };
		4E05D2E3204595DF00B04497 /* Assets.xcassets in Resources */ = {isa = PBXBuildFile; fileRef = 4E05D2E2204595DF00B04497 /* Assets.xcassets */; };
		4E05D2E6204595DF00B04497 /* LaunchScreen.storyboard in Resources */ = {isa = PBXBuildFile; fileRef = 4E05D2E4204595DF00B04497 /* LaunchScreen.storyboard */; };
		4E05D2EF2045992C00B04497 /* BKEventBus.swift in Sources */ = {isa = PBXBuildFile; fileRef = 4E05D2EE2045992C00B04497 /* BKEventBus.swift */; };
		4E641D8D20F39DBF008DA927 /* ListViewController.swift in Sources */ = {isa = PBXBuildFile; fileRef = 4E641D8C20F39DBF008DA927 /* ListViewController.swift */; };
		4E641D9020F39E20008DA927 /* ItemCollectionViewCell.swift in Sources */ = {isa = PBXBuildFile; fileRef = 4E641D8E20F39E20008DA927 /* ItemCollectionViewCell.swift */; };
		4E641D9120F39E20008DA927 /* ItemCollectionViewCell.xib in Resources */ = {isa = PBXBuildFile; fileRef = 4E641D8F20F39E20008DA927 /* ItemCollectionViewCell.xib */; };
		4E641D9420F3A7A2008DA927 /* DetailViewController.swift in Sources */ = {isa = PBXBuildFile; fileRef = 4E641D9320F3A7A2008DA927 /* DetailViewController.swift */; };
/* End PBXBuildFile section */

/* Begin PBXFileReference section */
		4E05D2D8204595DF00B04497 /* EventBusApp.app */ = {isa = PBXFileReference; explicitFileType = wrapper.application; includeInIndex = 0; path = EventBusApp.app; sourceTree = BUILT_PRODUCTS_DIR; };
		4E05D2DB204595DF00B04497 /* AppDelegate.swift */ = {isa = PBXFileReference; lastKnownFileType = sourcecode.swift; path = AppDelegate.swift; sourceTree = "<group>"; };
		4E05D2E0204595DF00B04497 /* Base */ = {isa = PBXFileReference; lastKnownFileType = file.storyboard; name = Base; path = Base.lproj/Main.storyboard; sourceTree = "<group>"; };
		4E05D2E2204595DF00B04497 /* Assets.xcassets */ = {isa = PBXFileReference; lastKnownFileType = folder.assetcatalog; path = Assets.xcassets; sourceTree = "<group>"; };
		4E05D2E5204595DF00B04497 /* Base */ = {isa = PBXFileReference; lastKnownFileType = file.storyboard; name = Base; path = Base.lproj/LaunchScreen.storyboard; sourceTree = "<group>"; };
		4E05D2E7204595DF00B04497 /* Info.plist */ = {isa = PBXFileReference; lastKnownFileType = text.plist.xml; path = Info.plist; sourceTree = "<group>"; };
		4E05D2EE2045992C00B04497 /* BKEventBus.swift */ = {isa = PBXFileReference; lastKnownFileType = sourcecode.swift; path = BKEventBus.swift; sourceTree = "<group>"; };
		4E641D8C20F39DBF008DA927 /* ListViewController.swift */ = {isa = PBXFileReference; lastKnownFileType = sourcecode.swift; path = ListViewController.swift; sourceTree = "<group>"; };
		4E641D8E20F39E20008DA927 /* ItemCollectionViewCell.swift */ = {isa = PBXFileReference; lastKnownFileType = sourcecode.swift; path = ItemCollectionViewCell.swift; sourceTree = "<group>"; };
		4E641D8F20F39E20008DA927 /* ItemCollectionViewCell.xib */ = {isa = PBXFileReference; lastKnownFileType = file.xib; path = ItemCollectionViewCell.xib; sourceTree = "<group>"; };
		4E641D9320F3A7A2008DA927 /* DetailViewController.swift */ = {isa = PBXFileReference; lastKnownFileType = sourcecode.swift; path = DetailViewController.swift; sourceTree = "<group>"; };
/* End PBXFileReference section */

/* Begin PBXFrameworksBuildPhase section */
		4E05D2D5204595DF00B04497 /* Frameworks */ = {
			isa = PBXFrameworksBuildPhase;
			buildActionMask = 2147483647;
			files = (
			);
			runOnlyForDeploymentPostprocessing = 0;
		};
/* End PBXFrameworksBuildPhase section */

/* Begin PBXGroup section */
		4E05D2CF204595DF00B04497 = {
			isa = PBXGroup;
			children = (
				4E05D2DA204595DF00B04497 /* EventBusApp */,
				4E05D2D9204595DF00B04497 /* Products */,
			);
			sourceTree = "<group>";
		};
		4E05D2D9204595DF00B04497 /* Products */ = {
			isa = PBXGroup;
			children = (
				4E05D2D8204595DF00B04497 /* EventBusApp.app */,
			);
			name = Products;
			sourceTree = "<group>";
		};
		4E05D2DA204595DF00B04497 /* EventBusApp */ = {
			isa = PBXGroup;
			children = (
				4E641D8920F39D86008DA927 /* Scenes */,
				4E05D2ED2045990300B04497 /* EventBus */,
				4E05D2DB204595DF00B04497 /* AppDelegate.swift */,
				4E05D2DF204595DF00B04497 /* Main.storyboard */,
				4E05D2E2204595DF00B04497 /* Assets.xcassets */,
				4E05D2E4204595DF00B04497 /* LaunchScreen.storyboard */,
				4E05D2E7204595DF00B04497 /* Info.plist */,
			);
			path = EventBusApp;
			sourceTree = "<group>";
		};
		4E05D2ED2045990300B04497 /* EventBus */ = {
			isa = PBXGroup;
			children = (
				4E05D2EE2045992C00B04497 /* BKEventBus.swift */,
			);
			path = EventBus;
			sourceTree = "<group>";
		};
		4E641D8920F39D86008DA927 /* Scenes */ = {
			isa = PBXGroup;
			children = (
				4E641D9220F3A78E008DA927 /* DetailViewController */,
				4E641D8A20F39D92008DA927 /* ListViewController */,
			);
			path = Scenes;
			sourceTree = "<group>";
		};
		4E641D8A20F39D92008DA927 /* ListViewController */ = {
			isa = PBXGroup;
			children = (
				4E641D8B20F39DAB008DA927 /* Cells */,
				4E641D8C20F39DBF008DA927 /* ListViewController.swift */,
			);
			path = ListViewController;
			sourceTree = "<group>";
		};
		4E641D8B20F39DAB008DA927 /* Cells */ = {
			isa = PBXGroup;
			children = (
				4E641D8E20F39E20008DA927 /* ItemCollectionViewCell.swift */,
				4E641D8F20F39E20008DA927 /* ItemCollectionViewCell.xib */,
			);
			path = Cells;
			sourceTree = "<group>";
		};
		4E641D9220F3A78E008DA927 /* DetailViewController */ = {
			isa = PBXGroup;
			children = (
				4E641D9320F3A7A2008DA927 /* DetailViewController.swift */,
			);
			path = DetailViewController;
			sourceTree = "<group>";
		};
/* End PBXGroup section */

/* Begin PBXNativeTarget section */
		4E05D2D7204595DF00B04497 /* EventBusApp */ = {
			isa = PBXNativeTarget;
			buildConfigurationList = 4E05D2EA204595DF00B04497 /* Build configuration list for PBXNativeTarget "EventBusApp" */;
			buildPhases = (
				4E05D2D4204595DF00B04497 /* Sources */,
				4E05D2D5204595DF00B04497 /* Frameworks */,
				4E05D2D6204595DF00B04497 /* Resources */,
			);
			buildRules = (
			);
			dependencies = (
			);
			name = EventBusApp;
			productName = EventBusApp;
			productReference = 4E05D2D8204595DF00B04497 /* EventBusApp.app */;
			productType = "com.apple.product-type.application";
		};
/* End PBXNativeTarget section */

/* Begin PBXProject section */
		4E05D2D0204595DF00B04497 /* Project object */ = {
			isa = PBXProject;
			attributes = {
				LastSwiftUpdateCheck = 0900;
				LastUpgradeCheck = 0900;
				ORGANIZATIONNAME = skyfe79;
				TargetAttributes = {
					4E05D2D7204595DF00B04497 = {
						CreatedOnToolsVersion = 9.0.1;
						ProvisioningStyle = Automatic;
					};
				};
			};
			buildConfigurationList = 4E05D2D3204595DF00B04497 /* Build configuration list for PBXProject "EventBusApp" */;
			compatibilityVersion = "Xcode 8.0";
			developmentRegion = en;
			hasScannedForEncodings = 0;
			knownRegions = (
				en,
				Base,
			);
			mainGroup = 4E05D2CF204595DF00B04497;
			productRefGroup = 4E05D2D9204595DF00B04497 /* Products */;
			projectDirPath = "";
			projectRoot = "";
			targets = (
				4E05D2D7204595DF00B04497 /* EventBusApp */,
			);
		};
/* End PBXProject section */

/* Begin PBXResourcesBuildPhase section */
		4E05D2D6204595DF00B04497 /* Resources */ = {
			isa = PBXResourcesBuildPhase;
			buildActionMask = 2147483647;
			files = (
				4E05D2E6204595DF00B04497 /* LaunchScreen.storyboard in Resources */,
				4E641D9120F39E20008DA927 /* ItemCollectionViewCell.xib in Resources */,
				4E05D2E3204595DF00B04497 /* Assets.xcassets in Resources */,
				4E05D2E1204595DF00B04497 /* Main.storyboard in Resources */,
			);
			runOnlyForDeploymentPostprocessing = 0;
		};
/* End PBXResourcesBuildPhase section */

/* Begin PBXSourcesBuildPhase section */
		4E05D2D4204595DF00B04497 /* Sources */ = {
			isa = PBXSourcesBuildPhase;
			buildActionMask = 2147483647;
			files = (
				4E05D2EF2045992C00B04497 /* BKEventBus.swift in Sources */,
				4E641D9020F39E20008DA927 /* ItemCollectionViewCell.swift in Sources */,
				4E641D9420F3A7A2008DA927 /* DetailViewController.swift in Sources */,
				4E05D2DC204595DF00B04497 /* AppDelegate.swift in Sources */,
				4E641D8D20F39DBF008DA927 /* ListViewController.swift in Sources */,
			);
			runOnlyForDeploymentPostprocessing = 0;
		};
/* End PBXSourcesBuildPhase section */

/* Begin PBXVariantGroup section */
		4E05D2DF204595DF00B04497 /* Main.storyboard */ = {
			isa = PBXVariantGroup;
			children = (
				4E05D2E0204595DF00B04497 /* Base */,
			);
			name = Main.storyboard;
			sourceTree = "<group>";
		};
		4E05D2E4204595DF00B04497 /* LaunchScreen.storyboard */ = {
			isa = PBXVariantGroup;
			children = (
				4E05D2E5204595DF00B04497 /* Base */,
			);
			name = LaunchScreen.storyboard;
			sourceTree = "<group>";
		};
/* End PBXVariantGroup section */

/* Begin XCBuildConfiguration section */
		4E05D2E8204595DF00B04497 /* Debug */ = {
			isa = XCBuildConfiguration;
			buildSettings = {
				ALWAYS_SEARCH_USER_PATHS = NO;
				CLANG_ANALYZER_NONNULL = YES;
				CLANG_ANALYZER_NUMBER_OBJECT_CONVERSION = YES_AGGRESSIVE;
				CLANG_CXX_LANGUAGE_STANDARD = "gnu++14";
				CLANG_CXX_LIBRARY = "libc++";
				CLANG_ENABLE_MODULES = YES;
				CLANG_ENABLE_OBJC_ARC = YES;
				CLANG_WARN_BLOCK_CAPTURE_AUTORELEASING = YES;
				CLANG_WARN_BOOL_CONVERSION = YES;
				CLANG_WARN_COMMA = YES;
				CLANG_WARN_CONSTANT_CONVERSION = YES;
				CLANG_WARN_DIRECT_OBJC_ISA_USAGE = YES_ERROR;
				CLANG_WARN_DOCUMENTATION_COMMENTS = YES;
				CLANG_WARN_EMPTY_BODY = YES;
				CLANG_WARN_ENUM_CONVERSION = YES;
				CLANG_WARN_INFINITE_RECURSION = YES;
				CLANG_WARN_INT_CONVERSION = YES;
				CLANG_WARN_NON_LITERAL_NULL_CONVERSION = YES;
				CLANG_WARN_OBJC_LITERAL_CONVERSION = YES;
				CLANG_WARN_OBJC_ROOT_CLASS = YES_ERROR;
				CLANG_WARN_RANGE_LOOP_ANALYSIS = YES;
				CLANG_WARN_STRICT_PROTOTYPES = YES;
				CLANG_WARN_SUSPICIOUS_MOVE = YES;
				CLANG_WARN_UNGUARDED_AVAILABILITY = YES_AGGRESSIVE;
				CLANG_WARN_UNREACHABLE_CODE = YES;
				CLANG_WARN__DUPLICATE_METHOD_MATCH = YES;
				CODE_SIGN_IDENTITY = "iPhone Developer";
				COPY_PHASE_STRIP = NO;
				DEBUG_INFORMATION_FORMAT = dwarf;
				ENABLE_STRICT_OBJC_MSGSEND = YES;
				ENABLE_TESTABILITY = YES;
				GCC_C_LANGUAGE_STANDARD = gnu11;
				GCC_DYNAMIC_NO_PIC = NO;
				GCC_NO_COMMON_BLOCKS = YES;
				GCC_OPTIMIZATION_LEVEL = 0;
				GCC_PREPROCESSOR_DEFINITIONS = (
					"DEBUG=1",
					"$(inherited)",
				);
				GCC_WARN_64_TO_32_BIT_CONVERSION = YES;
				GCC_WARN_ABOUT_RETURN_TYPE = YES_ERROR;
				GCC_WARN_UNDECLARED_SELECTOR = YES;
				GCC_WARN_UNINITIALIZED_AUTOS = YES_AGGRESSIVE;
				GCC_WARN_UNUSED_FUNCTION = YES;
				GCC_WARN_UNUSED_VARIABLE = YES;
				IPHONEOS_DEPLOYMENT_TARGET = 11.0;
				MTL_ENABLE_DEBUG_INFO = YES;
				ONLY_ACTIVE_ARCH = YES;
				SDKROOT = iphoneos;
				SWIFT_ACTIVE_COMPILATION_CONDITIONS = DEBUG;
				SWIFT_OPTIMIZATION_LEVEL = "-Onone";
			};
			name = Debug;
		};
		4E05D2E9204595DF00B04497 /* Release */ = {
			isa = XCBuildConfiguration;
			buildSettings = {
				ALWAYS_SEARCH_USER_PATHS = NO;
				CLANG_ANALYZER_NONNULL = YES;
				CLANG_ANALYZER_NUMBER_OBJECT_CONVERSION = YES_AGGRESSIVE;
				CLANG_CXX_LANGUAGE_STANDARD = "gnu++14";
				CLANG_CXX_LIBRARY = "libc++";
				CLANG_ENABLE_MODULES = YES;
				CLANG_ENABLE_OBJC_ARC = YES;
				CLANG_WARN_BLOCK_CAPTURE_AUTORELEASING = YES;
				CLANG_WARN_BOOL_CONVERSION = YES;
				CLANG_WARN_COMMA = YES;
				CLANG_WARN_CONSTANT_CONVERSION = YES;
				CLANG_WARN_DIRECT_OBJC_ISA_USAGE = YES_ERROR;
				CLANG_WARN_DOCUMENTATION_COMMENTS = YES;
				CLANG_WARN_EMPTY_BODY = YES;
				CLANG_WARN_ENUM_CONVERSION = YES;
				CLANG_WARN_INFINITE_RECURSION = YES;
				CLANG_WARN_INT_CONVERSION = YES;
				CLANG_WARN_NON_LITERAL_NULL_CONVERSION = YES;
				CLANG_WARN_OBJC_LITERAL_CONVERSION = YES;
				CLANG_WARN_OBJC_ROOT_CLASS = YES_ERROR;
				CLANG_WARN_RANGE_LOOP_ANALYSIS = YES;
				CLANG_WARN_STRICT_PROTOTYPES = YES;
				CLANG_WARN_SUSPICIOUS_MOVE = YES;
				CLANG_WARN_UNGUARDED_AVAILABILITY = YES_AGGRESSIVE;
				CLANG_WARN_UNREACHABLE_CODE = YES;
				CLANG_WARN__DUPLICATE_METHOD_MATCH = YES;
				CODE_SIGN_IDENTITY = "iPhone Developer";
				COPY_PHASE_STRIP = NO;
				DEBUG_INFORMATION_FORMAT = "dwarf-with-dsym";
				ENABLE_NS_ASSERTIONS = NO;
				ENABLE_STRICT_OBJC_MSGSEND = YES;
				GCC_C_LANGUAGE_STANDARD = gnu11;
				GCC_NO_COMMON_BLOCKS = YES;
				GCC_WARN_64_TO_32_BIT_CONVERSION = YES;
				GCC_WARN_ABOUT_RETURN_TYPE = YES_ERROR;
				GCC_WARN_UNDECLARED_SELECTOR = YES;
				GCC_WARN_UNINITIALIZED_AUTOS = YES_AGGRESSIVE;
				GCC_WARN_UNUSED_FUNCTION = YES;
				GCC_WARN_UNUSED_VARIABLE = YES;
				IPHONEOS_DEPLOYMENT_TARGET = 11.0;
				MTL_ENABLE_DEBUG_INFO = NO;
				SDKROOT = iphoneos;
				SWIFT_OPTIMIZATION_LEVEL = "-Owholemodule";
				VALIDATE_PRODUCT = YES;
			};
			name = Release;
		};
		4E05D2EB204595DF00B04497 /* Debug */ = {
			isa = XCBuildConfiguration;
			buildSettings = {
				ASSETCATALOG_COMPILER_APPICON_NAME = AppIcon;
				CODE_SIGN_STYLE = Automatic;
				DEVELOPMENT_TEAM = F2YX27TG52;
				INFOPLIST_FILE = EventBusApp/Info.plist;
				LD_RUNPATH_SEARCH_PATHS = "$(inherited) @executable_path/Frameworks";
				PRODUCT_BUNDLE_IDENTIFIER = com.github.skyfe79.EventBusApp;
				PRODUCT_NAME = "$(TARGET_NAME)";
				SWIFT_VERSION = 4.0;
				TARGETED_DEVICE_FAMILY = "1,2";
			};
			name = Debug;
		};
		4E05D2EC204595DF00B04497 /* Release */ = {
			isa = XCBuildConfiguration;
			buildSettings = {
				ASSETCATALOG_COMPILER_APPICON_NAME = AppIcon;
				CODE_SIGN_STYLE = Automatic;
				DEVELOPMENT_TEAM = F2YX27TG52;
				INFOPLIST_FILE = EventBusApp/Info.plist;
				LD_RUNPATH_SEARCH_PATHS = "$(inherited) @executable_path/Frameworks";
				PRODUCT_BUNDLE_IDENTIFIER = com.github.skyfe79.EventBusApp;
				PRODUCT_NAME = "$(TARGET_NAME)";
				SWIFT_VERSION = 4.0;
				TARGETED_DEVICE_FAMILY = "1,2";
			};
			name = Release;
		};
/* End XCBuildConfiguration section */

/* Begin XCConfigurationList section */
		4E05D2D3204595DF00B04497 /* Build configuration list for PBXProject "EventBusApp" */ = {
			isa = XCConfigurationList;
			buildConfigurations = (
				4E05D2E8204595DF00B04497 /* Debug */,
				4E05D2E9204595DF00B04497 /* Release */,
			);
			defaultConfigurationIsVisible = 0;
			defaultConfigurationName = Release;
		};
		4E05D2EA204595DF00B04497 /* Build configuration list for PBXNativeTarget "EventBusApp" */ = {
			isa = XCConfigurationList;
			buildConfigurations = (
				4E05D2EB204595DF00B04497 /* Debug */,
				4E05D2EC204595DF00B04497 /* Release */,
			);
			defaultConfigurationIsVisible = 0;
			defaultConfigurationName = Release;
		};
/* End XCConfigurationList section */
	};
	rootObject = 4E05D2D0204595DF00B04497 /* Project object */;
}
